
Microsoft Visual Studio Solution File, Format Version 12.00
# Visual Studio Version 16
VisualStudioVersion = 16.0.30330.147
MinimumVisualStudioVersion = 10.0.40219.1
Project("{9A19103F-16F7-4668-BE54-9A1E7A4F7556}") = "CwoPqsCrosswalk", "CwoPqsCrosswalk\CwoPqsCrosswalk.csproj", "{43771D36-732A-4A31-83AF-1B0F2A382BD0}"
EndProject
Project("{FAE04EC0-301F-11D3-BF4B-00C04F79EFBC}") = "CwoPqsCrosswalkTestFixture", "CwoPqsCrosswalkTestFixture\CwoPqsCrosswalkTestFixture.csproj", "{26861005-1AFE-4F21-B975-7955CD37F3BB}"
EndProject
Global
	GlobalSection(SolutionConfigurationPlatforms) = preSolution
		Debug|Any CPU = Debug|Any CPU
		Release|Any CPU = Release|Any CPU
	EndGlobalSection
	GlobalSection(ProjectConfigurationPlatforms) = postSolution
		{43771D36-732A-4A31-83AF-1B0F2A382BD0}.Debug|Any CPU.ActiveCfg = Debug|Any CPU
		{43771D36-732A-4A31-83AF-1B0F2A382BD0}.Debug|Any CPU.Build.0 = Debug|Any CPU
		{43771D36-732A-4A31-83AF-1B0F2A382BD0}.Release|Any CPU.ActiveCfg = Release|Any CPU
		{43771D36-732A-4A31-83AF-1B0F2A382BD0}.Release|Any CPU.Build.0 = Release|Any CPU
		{26861005-1AFE-4F21-B975-7955CD37F3BB}.Debug|Any CPU.ActiveCfg = Debug|Any CPU
		{26861005-1AFE-4F21-B975-7955CD37F3BB}.Debug|Any CPU.Build.0 = Debug|Any CPU
		{26861005-1AFE-4F21-B975-7955CD37F3BB}.Release|Any CPU.ActiveCfg = Release|Any CPU
		{26861005-1AFE-4F21-B975-7955CD37F3BB}.Release|Any CPU.Build.0 = Release|Any CPU
	EndGlobalSection
	GlobalSection(SolutionProperties) = preSolution
		HideSolutionNode = FALSE
	EndGlobalSection
	GlobalSection(ExtensibilityGlobals) = postSolution
		SolutionGuid = {414730A2-26DB-44E9-AD57-552BA593F989}
	EndGlobalSection
EndGlobal
